{
    "_readme": [
        "This file locks the dependencies of your project to a known state",
        "Read more about it at https://getcomposer.org/doc/01-basic-usage.md#composer-lock-the-lock-file",
        "This file is @generated automatically"
    ],
    "hash": "a9a8921861eb33327ec7b2084c7f8d2a",
    "content-hash": "682af40d1fc6d6dda697f0ceb8793a16",
    "packages": [
        {
            "name": "hauptmedia/rdkafka-lib",
            "version": "dev-master",
            "source": {
                "type": "git",
                "url": "https://github.com/hauptmedia/php-rdkafka-lib.git",
                "reference": "31a15ce09dcb991de88491b0b1706427c5687ce2"
            },
            "dist": {
                "type": "zip",
                "url": "https://api.github.com/repos/hauptmedia/php-rdkafka-lib/zipball/31a15ce09dcb991de88491b0b1706427c5687ce2",
                "reference": "31a15ce09dcb991de88491b0b1706427c5687ce2",
                "shasum": ""
            },
            "require": {
                "ext-rdkafka": "*",
                "php": ">=5.3"
            },
            "type": "library",
            "autoload": {
                "classmap": [
                    "stubs"
                ]
            },
            "notification-url": "https://packagist.org/downloads/",
            "license": [
                "MIT"
            ],
            "homepage": "https://github.com/hauptmedia/php-rdkafka-lib",
            "time": "2015-10-30 12:58:45"
        }
    ],
    "packages-dev": [],
    "aliases": [],
    "minimum-stability": "stable",
    "stability-flags": {
        "hauptmedia/rdkafka-lib": 20
    },
    "prefer-stable": false,
    "prefer-lowest": false,
    "platform": [],
    "platform-dev": []
}
